
Microsoft Visual Studio Solution File, Format Version 12.00
# Visual Studio 15
Project("{FAE04EC0-301F-11D3-BF4B-00C04F79EFBC}") = "SCZZ", "Assembly-CSharp-firstpass.csproj", "{A3CB0BA6-96F5-C357-8F74-81C9C4A86CD3}"
EndProject
Project("{FAE04EC0-301F-11D3-BF4B-00C04F79EFBC}") = "SCZZ", "Assembly-CSharp.csproj", "{1DDBBE0C-85D5-942A-DBAD-22EE78B79875}"
EndProject
Project("{FAE04EC0-301F-11D3-BF4B-00C04F79EFBC}") = "SCZZ", "Assembly-CSharp-Editor-firstpass.csproj", "{B88739DC-3D60-1DD4-0909-C76E633BB365}"
EndProject
Project("{FAE04EC0-301F-11D3-BF4B-00C04F79EFBC}") = "SCZZ", "Assembly-CSharp-Editor.csproj", "{60E7A291-26EB-CC28-1A00-07B481901AB0}"
EndProject
Global
	GlobalSection(SolutionConfigurationPlatforms) = preSolution
		Debug|Any CPU = Debug|Any CPU
		Release|Any CPU = Release|Any CPU
	EndGlobalSection
	GlobalSection(ProjectConfigurationPlatforms) = postSolution
		{A3CB0BA6-96F5-C357-8F74-81C9C4A86CD3}.Debug|Any CPU.ActiveCfg = Debug|Any CPU
		{A3CB0BA6-96F5-C357-8F74-81C9C4A86CD3}.Debug|Any CPU.Build.0 = Debug|Any CPU
		{A3CB0BA6-96F5-C357-8F74-81C9C4A86CD3}.Release|Any CPU.ActiveCfg = Release|Any CPU
		{A3CB0BA6-96F5-C357-8F74-81C9C4A86CD3}.Release|Any CPU.Build.0 = Release|Any CPU
		{1DDBBE0C-85D5-942A-DBAD-22EE78B79875}.Debug|Any CPU.ActiveCfg = Debug|Any CPU
		{1DDBBE0C-85D5-942A-DBAD-22EE78B79875}.Debug|Any CPU.Build.0 = Debug|Any CPU
		{1DDBBE0C-85D5-942A-DBAD-22EE78B79875}.Release|Any CPU.ActiveCfg = Release|Any CPU
		{1DDBBE0C-85D5-942A-DBAD-22EE78B79875}.Release|Any CPU.Build.0 = Release|Any CPU
		{B88739DC-3D60-1DD4-0909-C76E633BB365}.Debug|Any CPU.ActiveCfg = Debug|Any CPU
		{B88739DC-3D60-1DD4-0909-C76E633BB365}.Debug|Any CPU.Build.0 = Debug|Any CPU
		{B88739DC-3D60-1DD4-0909-C76E633BB365}.Release|Any CPU.ActiveCfg = Release|Any CPU
		{B88739DC-3D60-1DD4-0909-C76E633BB365}.Release|Any CPU.Build.0 = Release|Any CPU
		{60E7A291-26EB-CC28-1A00-07B481901AB0}.Debug|Any CPU.ActiveCfg = Debug|Any CPU
		{60E7A291-26EB-CC28-1A00-07B481901AB0}.Debug|Any CPU.Build.0 = Debug|Any CPU
		{60E7A291-26EB-CC28-1A00-07B481901AB0}.Release|Any CPU.ActiveCfg = Release|Any CPU
		{60E7A291-26EB-CC28-1A00-07B481901AB0}.Release|Any CPU.Build.0 = Release|Any CPU
	EndGlobalSection
	GlobalSection(SolutionProperties) = preSolution
		HideSolutionNode = FALSE
	EndGlobalSection
EndGlobal
