
Microsoft Visual Studio Solution File, Format Version 12.00
# Visual Studio 2015
Project("{FAE04EC0-301F-11D3-BF4B-00C04F79EFBC}") = "SCZZ", "SCZZ.csproj", "{37BA8B6B-90E6-F369-E1E4-EF413347F5EF}"
EndProject
Global
	GlobalSection(SolutionConfigurationPlatforms) = preSolution
		Debug|Any CPU = Debug|Any CPU
		Release|Any CPU = Release|Any CPU
	EndGlobalSection
	GlobalSection(ProjectConfigurationPlatforms) = postSolution
		{37BA8B6B-90E6-F369-E1E4-EF413347F5EF}.Debug|Any CPU.ActiveCfg = Debug|Any CPU
		{37BA8B6B-90E6-F369-E1E4-EF413347F5EF}.Debug|Any CPU.Build.0 = Debug|Any CPU
		{37BA8B6B-90E6-F369-E1E4-EF413347F5EF}.Release|Any CPU.ActiveCfg = Release|Any CPU
		{37BA8B6B-90E6-F369-E1E4-EF413347F5EF}.Release|Any CPU.Build.0 = Release|Any CPU
	EndGlobalSection
	GlobalSection(SolutionProperties) = preSolution
		HideSolutionNode = FALSE
	EndGlobalSection
EndGlobal
